
Microsoft Visual Studio Solution File, Format Version 12.00
# Visual Studio 14
VisualStudioVersion = 14.0.24720.0
MinimumVisualStudioVersion = 10.0.40219.1
Project("{FAE04EC0-301F-11D3-BF4B-00C04F79EFBC}") = "BoxDrag.Android", "BoxDrag.Android\BoxDrag.Android.csproj", "{9E5D2159-0D34-4BD9-9C8B-6E5258E3C1CD}"
EndProject
Project("{FAE04EC0-301F-11D3-BF4B-00C04F79EFBC}") = "BoxDragXF.Droid", "BoxDragXF\BoxDragXF.Droid\BoxDragXF.Droid.csproj", "{709FA8F2-DCED-4B23-A1DB-18B6972D4E8B}"
EndProject
Project("{FAE04EC0-301F-11D3-BF4B-00C04F79EFBC}") = "BoxDragXF.iOS", "BoxDragXF\BoxDragXF.iOS\BoxDragXF.iOS.csproj", "{C6E44DEB-BEEC-4CC7-888F-034F503F1745}"
EndProject
Project("{FAE04EC0-301F-11D3-BF4B-00C04F79EFBC}") = "BoxDragXF.WinPhone", "BoxDragXF\BoxDragXF.WinPhone\BoxDragXF.WinPhone.csproj", "{E674F091-8959-4921-9C5F-3AAFC2D089F4}"
EndProject
Project("{FAE04EC0-301F-11D3-BF4B-00C04F79EFBC}") = "BoxDragXF", "BoxDragXF\BoxDragXF\BoxDragXF.csproj", "{7366C0AC-147B-47D7-BC98-83F915090ED1}"
EndProject
Global
	GlobalSection(SolutionConfigurationPlatforms) = preSolution
		Ad-Hoc|Any CPU = Ad-Hoc|Any CPU
		Ad-Hoc|ARM = Ad-Hoc|ARM
		Ad-Hoc|iPhone = Ad-Hoc|iPhone
		Ad-Hoc|iPhoneSimulator = Ad-Hoc|iPhoneSimulator
		Ad-Hoc|x86 = Ad-Hoc|x86
		AppStore|Any CPU = AppStore|Any CPU
		AppStore|ARM = AppStore|ARM
		AppStore|iPhone = AppStore|iPhone
		AppStore|iPhoneSimulator = AppStore|iPhoneSimulator
		AppStore|x86 = AppStore|x86
		Debug|Any CPU = Debug|Any CPU
		Debug|ARM = Debug|ARM
		Debug|iPhone = Debug|iPhone
		Debug|iPhoneSimulator = Debug|iPhoneSimulator
		Debug|x86 = Debug|x86
		Release|Any CPU = Release|Any CPU
		Release|ARM = Release|ARM
		Release|iPhone = Release|iPhone
		Release|iPhoneSimulator = Release|iPhoneSimulator
		Release|x86 = Release|x86
	EndGlobalSection
	GlobalSection(ProjectConfigurationPlatforms) = postSolution
		{9E5D2159-0D34-4BD9-9C8B-6E5258E3C1CD}.Ad-Hoc|Any CPU.ActiveCfg = Release|Any CPU
		{9E5D2159-0D34-4BD9-9C8B-6E5258E3C1CD}.Ad-Hoc|Any CPU.Build.0 = Release|Any CPU
		{9E5D2159-0D34-4BD9-9C8B-6E5258E3C1CD}.Ad-Hoc|Any CPU.Deploy.0 = Release|Any CPU
		{9E5D2159-0D34-4BD9-9C8B-6E5258E3C1CD}.Ad-Hoc|ARM.ActiveCfg = Release|Any CPU
		{9E5D2159-0D34-4BD9-9C8B-6E5258E3C1CD}.Ad-Hoc|ARM.Build.0 = Release|Any CPU
		{9E5D2159-0D34-4BD9-9C8B-6E5258E3C1CD}.Ad-Hoc|ARM.Deploy.0 = Release|Any CPU
		{9E5D2159-0D34-4BD9-9C8B-6E5258E3C1CD}.Ad-Hoc|iPhone.ActiveCfg = Release|Any CPU
		{9E5D2159-0D34-4BD9-9C8B-6E5258E3C1CD}.Ad-Hoc|iPhone.Build.0 = Release|Any CPU
		{9E5D2159-0D34-4BD9-9C8B-6E5258E3C1CD}.Ad-Hoc|iPhone.Deploy.0 = Release|Any CPU
		{9E5D2159-0D34-4BD9-9C8B-6E5258E3C1CD}.Ad-Hoc|iPhoneSimulator.ActiveCfg = Release|Any CPU
		{9E5D2159-0D34-4BD9-9C8B-6E5258E3C1CD}.Ad-Hoc|iPhoneSimulator.Build.0 = Release|Any CPU
		{9E5D2159-0D34-4BD9-9C8B-6E5258E3C1CD}.Ad-Hoc|iPhoneSimulator.Deploy.0 = Release|Any CPU
		{9E5D2159-0D34-4BD9-9C8B-6E5258E3C1CD}.Ad-Hoc|x86.ActiveCfg = Release|Any CPU
		{9E5D2159-0D34-4BD9-9C8B-6E5258E3C1CD}.Ad-Hoc|x86.Build.0 = Release|Any CPU
		{9E5D2159-0D34-4BD9-9C8B-6E5258E3C1CD}.Ad-Hoc|x86.Deploy.0 = Release|Any CPU
		{9E5D2159-0D34-4BD9-9C8B-6E5258E3C1CD}.AppStore|Any CPU.ActiveCfg = Release|Any CPU
		{9E5D2159-0D34-4BD9-9C8B-6E5258E3C1CD}.AppStore|Any CPU.Build.0 = Release|Any CPU
		{9E5D2159-0D34-4BD9-9C8B-6E5258E3C1CD}.AppStore|Any CPU.Deploy.0 = Release|Any CPU
		{9E5D2159-0D34-4BD9-9C8B-6E5258E3C1CD}.AppStore|ARM.ActiveCfg = Release|Any CPU
		{9E5D2159-0D34-4BD9-9C8B-6E5258E3C1CD}.AppStore|ARM.Build.0 = Release|Any CPU
		{9E5D2159-0D34-4BD9-9C8B-6E5258E3C1CD}.AppStore|ARM.Deploy.0 = Release|Any CPU
		{9E5D2159-0D34-4BD9-9C8B-6E5258E3C1CD}.AppStore|iPhone.ActiveCfg = Release|Any CPU
		{9E5D2159-0D34-4BD9-9C8B-6E5258E3C1CD}.AppStore|iPhone.Build.0 = Release|Any CPU
		{9E5D2159-0D34-4BD9-9C8B-6E5258E3C1CD}.AppStore|iPhone.Deploy.0 = Release|Any CPU
		{9E5D2159-0D34-4BD9-9C8B-6E5258E3C1CD}.AppStore|iPhoneSimulator.ActiveCfg = Release|Any CPU
		{9E5D2159-0D34-4BD9-9C8B-6E5258E3C1CD}.AppStore|iPhoneSimulator.Build.0 = Release|Any CPU
		{9E5D2159-0D34-4BD9-9C8B-6E5258E3C1CD}.AppStore|iPhoneSimulator.Deploy.0 = Release|Any CPU
		{9E5D2159-0D34-4BD9-9C8B-6E5258E3C1CD}.AppStore|x86.ActiveCfg = Release|Any CPU
		{9E5D2159-0D34-4BD9-9C8B-6E5258E3C1CD}.AppStore|x86.Build.0 = Release|Any CPU
		{9E5D2159-0D34-4BD9-9C8B-6E5258E3C1CD}.AppStore|x86.Deploy.0 = Release|Any CPU
		{9E5D2159-0D34-4BD9-9C8B-6E5258E3C1CD}.Debug|Any CPU.ActiveCfg = Debug|Any CPU
		{9E5D2159-0D34-4BD9-9C8B-6E5258E3C1CD}.Debug|Any CPU.Build.0 = Debug|Any CPU
		{9E5D2159-0D34-4BD9-9C8B-6E5258E3C1CD}.Debug|Any CPU.Deploy.0 = Debug|Any CPU
		{9E5D2159-0D34-4BD9-9C8B-6E5258E3C1CD}.Debug|ARM.ActiveCfg = Debug|Any CPU
		{9E5D2159-0D34-4BD9-9C8B-6E5258E3C1CD}.Debug|ARM.Build.0 = Debug|Any CPU
		{9E5D2159-0D34-4BD9-9C8B-6E5258E3C1CD}.Debug|ARM.Deploy.0 = Debug|Any CPU
		{9E5D2159-0D34-4BD9-9C8B-6E5258E3C1CD}.Debug|iPhone.ActiveCfg = Debug|Any CPU
		{9E5D2159-0D34-4BD9-9C8B-6E5258E3C1CD}.Debug|iPhone.Build.0 = Debug|Any CPU
		{9E5D2159-0D34-4BD9-9C8B-6E5258E3C1CD}.Debug|iPhone.Deploy.0 = Debug|Any CPU
		{9E5D2159-0D34-4BD9-9C8B-6E5258E3C1CD}.Debug|iPhoneSimulator.ActiveCfg = Debug|Any CPU
		{9E5D2159-0D34-4BD9-9C8B-6E5258E3C1CD}.Debug|iPhoneSimulator.Build.0 = Debug|Any CPU
		{9E5D2159-0D34-4BD9-9C8B-6E5258E3C1CD}.Debug|iPhoneSimulator.Deploy.0 = Debug|Any CPU
		{9E5D2159-0D34-4BD9-9C8B-6E5258E3C1CD}.Debug|x86.ActiveCfg = Debug|Any CPU
		{9E5D2159-0D34-4BD9-9C8B-6E5258E3C1CD}.Debug|x86.Build.0 = Debug|Any CPU
		{9E5D2159-0D34-4BD9-9C8B-6E5258E3C1CD}.Debug|x86.Deploy.0 = Debug|Any CPU
		{9E5D2159-0D34-4BD9-9C8B-6E5258E3C1CD}.Release|Any CPU.ActiveCfg = Release|Any CPU
		{9E5D2159-0D34-4BD9-9C8B-6E5258E3C1CD}.Release|Any CPU.Build.0 = Release|Any CPU
		{9E5D2159-0D34-4BD9-9C8B-6E5258E3C1CD}.Release|Any CPU.Deploy.0 = Release|Any CPU
		{9E5D2159-0D34-4BD9-9C8B-6E5258E3C1CD}.Release|ARM.ActiveCfg = Release|Any CPU
		{9E5D2159-0D34-4BD9-9C8B-6E5258E3C1CD}.Release|ARM.Build.0 = Release|Any CPU
		{9E5D2159-0D34-4BD9-9C8B-6E5258E3C1CD}.Release|ARM.Deploy.0 = Release|Any CPU
		{9E5D2159-0D34-4BD9-9C8B-6E5258E3C1CD}.Release|iPhone.ActiveCfg = Release|Any CPU
		{9E5D2159-0D34-4BD9-9C8B-6E5258E3C1CD}.Release|iPhone.Build.0 = Release|Any CPU
		{9E5D2159-0D34-4BD9-9C8B-6E5258E3C1CD}.Release|iPhone.Deploy.0 = Release|Any CPU
		{9E5D2159-0D34-4BD9-9C8B-6E5258E3C1CD}.Release|iPhoneSimulator.ActiveCfg = Release|Any CPU
		{9E5D2159-0D34-4BD9-9C8B-6E5258E3C1CD}.Release|iPhoneSimulator.Build.0 = Release|Any CPU
		{9E5D2159-0D34-4BD9-9C8B-6E5258E3C1CD}.Release|iPhoneSimulator.Deploy.0 = Release|Any CPU
		{9E5D2159-0D34-4BD9-9C8B-6E5258E3C1CD}.Release|x86.ActiveCfg = Release|Any CPU
		{9E5D2159-0D34-4BD9-9C8B-6E5258E3C1CD}.Release|x86.Build.0 = Release|Any CPU
		{9E5D2159-0D34-4BD9-9C8B-6E5258E3C1CD}.Release|x86.Deploy.0 = Release|Any CPU
		{709FA8F2-DCED-4B23-A1DB-18B6972D4E8B}.Ad-Hoc|Any CPU.ActiveCfg = Release|Any CPU
		{709FA8F2-DCED-4B23-A1DB-18B6972D4E8B}.Ad-Hoc|Any CPU.Build.0 = Release|Any CPU
		{709FA8F2-DCED-4B23-A1DB-18B6972D4E8B}.Ad-Hoc|Any CPU.Deploy.0 = Release|Any CPU
		{709FA8F2-DCED-4B23-A1DB-18B6972D4E8B}.Ad-Hoc|ARM.ActiveCfg = Release|Any CPU
		{709FA8F2-DCED-4B23-A1DB-18B6972D4E8B}.Ad-Hoc|ARM.Build.0 = Release|Any CPU
		{709FA8F2-DCED-4B23-A1DB-18B6972D4E8B}.Ad-Hoc|ARM.Deploy.0 = Release|Any CPU
		{709FA8F2-DCED-4B23-A1DB-18B6972D4E8B}.Ad-Hoc|iPhone.ActiveCfg = Release|Any CPU
		{709FA8F2-DCED-4B23-A1DB-18B6972D4E8B}.Ad-Hoc|iPhone.Build.0 = Release|Any CPU
		{709FA8F2-DCED-4B23-A1DB-18B6972D4E8B}.Ad-Hoc|iPhone.Deploy.0 = Release|Any CPU
		{709FA8F2-DCED-4B23-A1DB-18B6972D4E8B}.Ad-Hoc|iPhoneSimulator.ActiveCfg = Release|Any CPU
		{709FA8F2-DCED-4B23-A1DB-18B6972D4E8B}.Ad-Hoc|iPhoneSimulator.Build.0 = Release|Any CPU
		{709FA8F2-DCED-4B23-A1DB-18B6972D4E8B}.Ad-Hoc|iPhoneSimulator.Deploy.0 = Release|Any CPU
		{709FA8F2-DCED-4B23-A1DB-18B6972D4E8B}.Ad-Hoc|x86.ActiveCfg = Release|Any CPU
		{709FA8F2-DCED-4B23-A1DB-18B6972D4E8B}.Ad-Hoc|x86.Build.0 = Release|Any CPU
		{709FA8F2-DCED-4B23-A1DB-18B6972D4E8B}.Ad-Hoc|x86.Deploy.0 = Release|Any CPU
		{709FA8F2-DCED-4B23-A1DB-18B6972D4E8B}.AppStore|Any CPU.ActiveCfg = Release|Any CPU
		{709FA8F2-DCED-4B23-A1DB-18B6972D4E8B}.AppStore|Any CPU.Build.0 = Release|Any CPU
		{709FA8F2-DCED-4B23-A1DB-18B6972D4E8B}.AppStore|Any CPU.Deploy.0 = Release|Any CPU
		{709FA8F2-DCED-4B23-A1DB-18B6972D4E8B}.AppStore|ARM.ActiveCfg = Release|Any CPU
		{709FA8F2-DCED-4B23-A1DB-18B6972D4E8B}.AppStore|ARM.Build.0 = Release|Any CPU
		{709FA8F2-DCED-4B23-A1DB-18B6972D4E8B}.AppStore|ARM.Deploy.0 = Release|Any CPU
		{709FA8F2-DCED-4B23-A1DB-18B6972D4E8B}.AppStore|iPhone.ActiveCfg = Release|Any CPU
		{709FA8F2-DCED-4B23-A1DB-18B6972D4E8B}.AppStore|iPhone.Build.0 = Release|Any CPU
		{709FA8F2-DCED-4B23-A1DB-18B6972D4E8B}.AppStore|iPhone.Deploy.0 = Release|Any CPU
		{709FA8F2-DCED-4B23-A1DB-18B6972D4E8B}.AppStore|iPhoneSimulator.ActiveCfg = Release|Any CPU
		{709FA8F2-DCED-4B23-A1DB-18B6972D4E8B}.AppStore|iPhoneSimulator.Build.0 = Release|Any CPU
		{709FA8F2-DCED-4B23-A1DB-18B6972D4E8B}.AppStore|iPhoneSimulator.Deploy.0 = Release|Any CPU
		{709FA8F2-DCED-4B23-A1DB-18B6972D4E8B}.AppStore|x86.ActiveCfg = Release|Any CPU
		{709FA8F2-DCED-4B23-A1DB-18B6972D4E8B}.AppStore|x86.Build.0 = Release|Any CPU
		{709FA8F2-DCED-4B23-A1DB-18B6972D4E8B}.AppStore|x86.Deploy.0 = Release|Any CPU
		{709FA8F2-DCED-4B23-A1DB-18B6972D4E8B}.Debug|Any CPU.ActiveCfg = Debug|Any CPU
		{709FA8F2-DCED-4B23-A1DB-18B6972D4E8B}.Debug|Any CPU.Build.0 = Debug|Any CPU
		{709FA8F2-DCED-4B23-A1DB-18B6972D4E8B}.Debug|Any CPU.Deploy.0 = Debug|Any CPU
		{709FA8F2-DCED-4B23-A1DB-18B6972D4E8B}.Debug|ARM.ActiveCfg = Debug|Any CPU
		{709FA8F2-DCED-4B23-A1DB-18B6972D4E8B}.Debug|ARM.Build.0 = Debug|Any CPU
		{709FA8F2-DCED-4B23-A1DB-18B6972D4E8B}.Debug|ARM.Deploy.0 = Debug|Any CPU
		{709FA8F2-DCED-4B23-A1DB-18B6972D4E8B}.Debug|iPhone.ActiveCfg = Debug|Any CPU
		{709FA8F2-DCED-4B23-A1DB-18B6972D4E8B}.Debug|iPhone.Build.0 = Debug|Any CPU
		{709FA8F2-DCED-4B23-A1DB-18B6972D4E8B}.Debug|iPhone.Deploy.0 = Debug|Any CPU
		{709FA8F2-DCED-4B23-A1DB-18B6972D4E8B}.Debug|iPhoneSimulator.ActiveCfg = Debug|Any CPU
		{709FA8F2-DCED-4B23-A1DB-18B6972D4E8B}.Debug|iPhoneSimulator.Build.0 = Debug|Any CPU
		{709FA8F2-DCED-4B23-A1DB-18B6972D4E8B}.Debug|iPhoneSimulator.Deploy.0 = Debug|Any CPU
		{709FA8F2-DCED-4B23-A1DB-18B6972D4E8B}.Debug|x86.ActiveCfg = Debug|Any CPU
		{709FA8F2-DCED-4B23-A1DB-18B6972D4E8B}.Debug|x86.Build.0 = Debug|Any CPU
		{709FA8F2-DCED-4B23-A1DB-18B6972D4E8B}.Debug|x86.Deploy.0 = Debug|Any CPU
		{709FA8F2-DCED-4B23-A1DB-18B6972D4E8B}.Release|Any CPU.ActiveCfg = Release|Any CPU
		{709FA8F2-DCED-4B23-A1DB-18B6972D4E8B}.Release|Any CPU.Build.0 = Release|Any CPU
		{709FA8F2-DCED-4B23-A1DB-18B6972D4E8B}.Release|Any CPU.Deploy.0 = Release|Any CPU
		{709FA8F2-DCED-4B23-A1DB-18B6972D4E8B}.Release|ARM.ActiveCfg = Release|Any CPU
		{709FA8F2-DCED-4B23-A1DB-18B6972D4E8B}.Release|ARM.Build.0 = Release|Any CPU
		{709FA8F2-DCED-4B23-A1DB-18B6972D4E8B}.Release|ARM.Deploy.0 = Release|Any CPU
		{709FA8F2-DCED-4B23-A1DB-18B6972D4E8B}.Release|iPhone.ActiveCfg = Release|Any CPU
		{709FA8F2-DCED-4B23-A1DB-18B6972D4E8B}.Release|iPhone.Build.0 = Release|Any CPU
		{709FA8F2-DCED-4B23-A1DB-18B6972D4E8B}.Release|iPhone.Deploy.0 = Release|Any CPU
		{709FA8F2-DCED-4B23-A1DB-18B6972D4E8B}.Release|iPhoneSimulator.ActiveCfg = Release|Any CPU
		{709FA8F2-DCED-4B23-A1DB-18B6972D4E8B}.Release|iPhoneSimulator.Build.0 = Release|Any CPU
		{709FA8F2-DCED-4B23-A1DB-18B6972D4E8B}.Release|iPhoneSimulator.Deploy.0 = Release|Any CPU
		{709FA8F2-DCED-4B23-A1DB-18B6972D4E8B}.Release|x86.ActiveCfg = Release|Any CPU
		{709FA8F2-DCED-4B23-A1DB-18B6972D4E8B}.Release|x86.Build.0 = Release|Any CPU
		{709FA8F2-DCED-4B23-A1DB-18B6972D4E8B}.Release|x86.Deploy.0 = Release|Any CPU
		{C6E44DEB-BEEC-4CC7-888F-034F503F1745}.Ad-Hoc|Any CPU.ActiveCfg = Ad-Hoc|iPhone
		{C6E44DEB-BEEC-4CC7-888F-034F503F1745}.Ad-Hoc|ARM.ActiveCfg = Ad-Hoc|iPhone
		{C6E44DEB-BEEC-4CC7-888F-034F503F1745}.Ad-Hoc|iPhone.ActiveCfg = Ad-Hoc|iPhone
		{C6E44DEB-BEEC-4CC7-888F-034F503F1745}.Ad-Hoc|iPhone.Build.0 = Ad-Hoc|iPhone
		{C6E44DEB-BEEC-4CC7-888F-034F503F1745}.Ad-Hoc|iPhoneSimulator.ActiveCfg = Ad-Hoc|iPhoneSimulator
		{C6E44DEB-BEEC-4CC7-888F-034F503F1745}.Ad-Hoc|iPhoneSimulator.Build.0 = Ad-Hoc|iPhoneSimulator
		{C6E44DEB-BEEC-4CC7-888F-034F503F1745}.Ad-Hoc|x86.ActiveCfg = Ad-Hoc|iPhone
		{C6E44DEB-BEEC-4CC7-888F-034F503F1745}.AppStore|Any CPU.ActiveCfg = AppStore|iPhone
		{C6E44DEB-BEEC-4CC7-888F-034F503F1745}.AppStore|ARM.ActiveCfg = AppStore|iPhone
		{C6E44DEB-BEEC-4CC7-888F-034F503F1745}.AppStore|iPhone.ActiveCfg = AppStore|iPhone
		{C6E44DEB-BEEC-4CC7-888F-034F503F1745}.AppStore|iPhone.Build.0 = AppStore|iPhone
		{C6E44DEB-BEEC-4CC7-888F-034F503F1745}.AppStore|iPhoneSimulator.ActiveCfg = AppStore|iPhoneSimulator
		{C6E44DEB-BEEC-4CC7-888F-034F503F1745}.AppStore|iPhoneSimulator.Build.0 = AppStore|iPhoneSimulator
		{C6E44DEB-BEEC-4CC7-888F-034F503F1745}.AppStore|x86.ActiveCfg = AppStore|iPhone
		{C6E44DEB-BEEC-4CC7-888F-034F503F1745}.Debug|Any CPU.ActiveCfg = Debug|iPhone
		{C6E44DEB-BEEC-4CC7-888F-034F503F1745}.Debug|ARM.ActiveCfg = Debug|iPhone
		{C6E44DEB-BEEC-4CC7-888F-034F503F1745}.Debug|iPhone.ActiveCfg = Debug|iPhone
		{C6E44DEB-BEEC-4CC7-888F-034F503F1745}.Debug|iPhone.Build.0 = Debug|iPhone
		{C6E44DEB-BEEC-4CC7-888F-034F503F1745}.Debug|iPhoneSimulator.ActiveCfg = Debug|iPhoneSimulator
		{C6E44DEB-BEEC-4CC7-888F-034F503F1745}.Debug|iPhoneSimulator.Build.0 = Debug|iPhoneSimulator
		{C6E44DEB-BEEC-4CC7-888F-034F503F1745}.Debug|x86.ActiveCfg = Debug|iPhone
		{C6E44DEB-BEEC-4CC7-888F-034F503F1745}.Release|Any CPU.ActiveCfg = Release|iPhone
		{C6E44DEB-BEEC-4CC7-888F-034F503F1745}.Release|ARM.ActiveCfg = Release|iPhone
		{C6E44DEB-BEEC-4CC7-888F-034F503F1745}.Release|iPhone.ActiveCfg = Release|iPhone
		{C6E44DEB-BEEC-4CC7-888F-034F503F1745}.Release|iPhone.Build.0 = Release|iPhone
		{C6E44DEB-BEEC-4CC7-888F-034F503F1745}.Release|iPhoneSimulator.ActiveCfg = Release|iPhoneSimulator
		{C6E44DEB-BEEC-4CC7-888F-034F503F1745}.Release|iPhoneSimulator.Build.0 = Release|iPhoneSimulator
		{C6E44DEB-BEEC-4CC7-888F-034F503F1745}.Release|x86.ActiveCfg = Release|iPhone
		{E674F091-8959-4921-9C5F-3AAFC2D089F4}.Ad-Hoc|Any CPU.ActiveCfg = Release|Any CPU
		{E674F091-8959-4921-9C5F-3AAFC2D089F4}.Ad-Hoc|Any CPU.Build.0 = Release|Any CPU
		{E674F091-8959-4921-9C5F-3AAFC2D089F4}.Ad-Hoc|Any CPU.Deploy.0 = Release|Any CPU
		{E674F091-8959-4921-9C5F-3AAFC2D089F4}.Ad-Hoc|ARM.ActiveCfg = Release|ARM
		{E674F091-8959-4921-9C5F-3AAFC2D089F4}.Ad-Hoc|ARM.Build.0 = Release|ARM
		{E674F091-8959-4921-9C5F-3AAFC2D089F4}.Ad-Hoc|ARM.Deploy.0 = Release|ARM
		{E674F091-8959-4921-9C5F-3AAFC2D089F4}.Ad-Hoc|iPhone.ActiveCfg = Release|Any CPU
		{E674F091-8959-4921-9C5F-3AAFC2D089F4}.Ad-Hoc|iPhone.Build.0 = Release|Any CPU
		{E674F091-8959-4921-9C5F-3AAFC2D089F4}.Ad-Hoc|iPhone.Deploy.0 = Release|Any CPU
		{E674F091-8959-4921-9C5F-3AAFC2D089F4}.Ad-Hoc|iPhoneSimulator.ActiveCfg = Release|Any CPU
		{E674F091-8959-4921-9C5F-3AAFC2D089F4}.Ad-Hoc|iPhoneSimulator.Build.0 = Release|Any CPU
		{E674F091-8959-4921-9C5F-3AAFC2D089F4}.Ad-Hoc|iPhoneSimulator.Deploy.0 = Release|Any CPU
		{E674F091-8959-4921-9C5F-3AAFC2D089F4}.Ad-Hoc|x86.ActiveCfg = Release|x86
		{E674F091-8959-4921-9C5F-3AAFC2D089F4}.Ad-Hoc|x86.Build.0 = Release|x86
		{E674F091-8959-4921-9C5F-3AAFC2D089F4}.Ad-Hoc|x86.Deploy.0 = Release|x86
		{E674F091-8959-4921-9C5F-3AAFC2D089F4}.AppStore|Any CPU.ActiveCfg = Release|Any CPU
		{E674F091-8959-4921-9C5F-3AAFC2D089F4}.AppStore|Any CPU.Build.0 = Release|Any CPU
		{E674F091-8959-4921-9C5F-3AAFC2D089F4}.AppStore|Any CPU.Deploy.0 = Release|Any CPU
		{E674F091-8959-4921-9C5F-3AAFC2D089F4}.AppStore|ARM.ActiveCfg = Release|ARM
		{E674F091-8959-4921-9C5F-3AAFC2D089F4}.AppStore|ARM.Build.0 = Release|ARM
		{E674F091-8959-4921-9C5F-3AAFC2D089F4}.AppStore|ARM.Deploy.0 = Release|ARM
		{E674F091-8959-4921-9C5F-3AAFC2D089F4}.AppStore|iPhone.ActiveCfg = Release|Any CPU
		{E674F091-8959-4921-9C5F-3AAFC2D089F4}.AppStore|iPhone.Build.0 = Release|Any CPU
		{E674F091-8959-4921-9C5F-3AAFC2D089F4}.AppStore|iPhone.Deploy.0 = Release|Any CPU
		{E674F091-8959-4921-9C5F-3AAFC2D089F4}.AppStore|iPhoneSimulator.ActiveCfg = Release|Any CPU
		{E674F091-8959-4921-9C5F-3AAFC2D089F4}.AppStore|iPhoneSimulator.Build.0 = Release|Any CPU
		{E674F091-8959-4921-9C5F-3AAFC2D089F4}.AppStore|iPhoneSimulator.Deploy.0 = Release|Any CPU
		{E674F091-8959-4921-9C5F-3AAFC2D089F4}.AppStore|x86.ActiveCfg = Release|x86
		{E674F091-8959-4921-9C5F-3AAFC2D089F4}.AppStore|x86.Build.0 = Release|x86
		{E674F091-8959-4921-9C5F-3AAFC2D089F4}.AppStore|x86.Deploy.0 = Release|x86
		{E674F091-8959-4921-9C5F-3AAFC2D089F4}.Debug|Any CPU.ActiveCfg = Debug|Any CPU
		{E674F091-8959-4921-9C5F-3AAFC2D089F4}.Debug|Any CPU.Build.0 = Debug|Any CPU
		{E674F091-8959-4921-9C5F-3AAFC2D089F4}.Debug|Any CPU.Deploy.0 = Debug|Any CPU
		{E674F091-8959-4921-9C5F-3AAFC2D089F4}.Debug|ARM.ActiveCfg = Debug|ARM
		{E674F091-8959-4921-9C5F-3AAFC2D089F4}.Debug|ARM.Build.0 = Debug|ARM
		{E674F091-8959-4921-9C5F-3AAFC2D089F4}.Debug|ARM.Deploy.0 = Debug|ARM
		{E674F091-8959-4921-9C5F-3AAFC2D089F4}.Debug|iPhone.ActiveCfg = Debug|Any CPU
		{E674F091-8959-4921-9C5F-3AAFC2D089F4}.Debug|iPhone.Build.0 = Debug|Any CPU
		{E674F091-8959-4921-9C5F-3AAFC2D089F4}.Debug|iPhone.Deploy.0 = Debug|Any CPU
		{E674F091-8959-4921-9C5F-3AAFC2D089F4}.Debug|iPhoneSimulator.ActiveCfg = Debug|Any CPU
		{E674F091-8959-4921-9C5F-3AAFC2D089F4}.Debug|iPhoneSimulator.Build.0 = Debug|Any CPU
		{E674F091-8959-4921-9C5F-3AAFC2D089F4}.Debug|iPhoneSimulator.Deploy.0 = Debug|Any CPU
		{E674F091-8959-4921-9C5F-3AAFC2D089F4}.Debug|x86.ActiveCfg = Debug|x86
		{E674F091-8959-4921-9C5F-3AAFC2D089F4}.Debug|x86.Build.0 = Debug|x86
		{E674F091-8959-4921-9C5F-3AAFC2D089F4}.Debug|x86.Deploy.0 = Debug|x86
		{E674F091-8959-4921-9C5F-3AAFC2D089F4}.Release|Any CPU.ActiveCfg = Release|Any CPU
		{E674F091-8959-4921-9C5F-3AAFC2D089F4}.Release|Any CPU.Build.0 = Release|Any CPU
		{E674F091-8959-4921-9C5F-3AAFC2D089F4}.Release|Any CPU.Deploy.0 = Release|Any CPU
		{E674F091-8959-4921-9C5F-3AAFC2D089F4}.Release|ARM.ActiveCfg = Release|ARM
		{E674F091-8959-4921-9C5F-3AAFC2D089F4}.Release|ARM.Build.0 = Release|ARM
		{E674F091-8959-4921-9C5F-3AAFC2D089F4}.Release|ARM.Deploy.0 = Release|ARM
		{E674F091-8959-4921-9C5F-3AAFC2D089F4}.Release|iPhone.ActiveCfg = Release|Any CPU
		{E674F091-8959-4921-9C5F-3AAFC2D089F4}.Release|iPhone.Build.0 = Release|Any CPU
		{E674F091-8959-4921-9C5F-3AAFC2D089F4}.Release|iPhone.Deploy.0 = Release|Any CPU
		{E674F091-8959-4921-9C5F-3AAFC2D089F4}.Release|iPhoneSimulator.ActiveCfg = Release|Any CPU
		{E674F091-8959-4921-9C5F-3AAFC2D089F4}.Release|iPhoneSimulator.Build.0 = Release|Any CPU
		{E674F091-8959-4921-9C5F-3AAFC2D089F4}.Release|iPhoneSimulator.Deploy.0 = Release|Any CPU
		{E674F091-8959-4921-9C5F-3AAFC2D089F4}.Release|x86.ActiveCfg = Release|x86
		{E674F091-8959-4921-9C5F-3AAFC2D089F4}.Release|x86.Build.0 = Release|x86
		{E674F091-8959-4921-9C5F-3AAFC2D089F4}.Release|x86.Deploy.0 = Release|x86
		{7366C0AC-147B-47D7-BC98-83F915090ED1}.Ad-Hoc|Any CPU.ActiveCfg = Release|Any CPU
		{7366C0AC-147B-47D7-BC98-83F915090ED1}.Ad-Hoc|Any CPU.Build.0 = Release|Any CPU
		{7366C0AC-147B-47D7-BC98-83F915090ED1}.Ad-Hoc|ARM.ActiveCfg = Release|Any CPU
		{7366C0AC-147B-47D7-BC98-83F915090ED1}.Ad-Hoc|ARM.Build.0 = Release|Any CPU
		{7366C0AC-147B-47D7-BC98-83F915090ED1}.Ad-Hoc|iPhone.ActiveCfg = Release|Any CPU
		{7366C0AC-147B-47D7-BC98-83F915090ED1}.Ad-Hoc|iPhone.Build.0 = Release|Any CPU
		{7366C0AC-147B-47D7-BC98-83F915090ED1}.Ad-Hoc|iPhoneSimulator.ActiveCfg = Release|Any CPU
		{7366C0AC-147B-47D7-BC98-83F915090ED1}.Ad-Hoc|iPhoneSimulator.Build.0 = Release|Any CPU
		{7366C0AC-147B-47D7-BC98-83F915090ED1}.Ad-Hoc|x86.ActiveCfg = Release|Any CPU
		{7366C0AC-147B-47D7-BC98-83F915090ED1}.Ad-Hoc|x86.Build.0 = Release|Any CPU
		{7366C0AC-147B-47D7-BC98-83F915090ED1}.AppStore|Any CPU.ActiveCfg = Release|Any CPU
		{7366C0AC-147B-47D7-BC98-83F915090ED1}.AppStore|Any CPU.Build.0 = Release|Any CPU
		{7366C0AC-147B-47D7-BC98-83F915090ED1}.AppStore|ARM.ActiveCfg = Release|Any CPU
		{7366C0AC-147B-47D7-BC98-83F915090ED1}.AppStore|ARM.Build.0 = Release|Any CPU
		{7366C0AC-147B-47D7-BC98-83F915090ED1}.AppStore|iPhone.ActiveCfg = Release|Any CPU
		{7366C0AC-147B-47D7-BC98-83F915090ED1}.AppStore|iPhone.Build.0 = Release|Any CPU
		{7366C0AC-147B-47D7-BC98-83F915090ED1}.AppStore|iPhoneSimulator.ActiveCfg = Release|Any CPU
		{7366C0AC-147B-47D7-BC98-83F915090ED1}.AppStore|iPhoneSimulator.Build.0 = Release|Any CPU
		{7366C0AC-147B-47D7-BC98-83F915090ED1}.AppStore|x86.ActiveCfg = Release|Any CPU
		{7366C0AC-147B-47D7-BC98-83F915090ED1}.AppStore|x86.Build.0 = Release|Any CPU
		{7366C0AC-147B-47D7-BC98-83F915090ED1}.Debug|Any CPU.ActiveCfg = Debug|Any CPU
		{7366C0AC-147B-47D7-BC98-83F915090ED1}.Debug|Any CPU.Build.0 = Debug|Any CPU
		{7366C0AC-147B-47D7-BC98-83F915090ED1}.Debug|ARM.ActiveCfg = Debug|Any CPU
		{7366C0AC-147B-47D7-BC98-83F915090ED1}.Debug|ARM.Build.0 = Debug|Any CPU
		{7366C0AC-147B-47D7-BC98-83F915090ED1}.Debug|iPhone.ActiveCfg = Debug|Any CPU
		{7366C0AC-147B-47D7-BC98-83F915090ED1}.Debug|iPhone.Build.0 = Debug|Any CPU
		{7366C0AC-147B-47D7-BC98-83F915090ED1}.Debug|iPhoneSimulator.ActiveCfg = Debug|Any CPU
		{7366C0AC-147B-47D7-BC98-83F915090ED1}.Debug|iPhoneSimulator.Build.0 = Debug|Any CPU
		{7366C0AC-147B-47D7-BC98-83F915090ED1}.Debug|x86.ActiveCfg = Debug|Any CPU
		{7366C0AC-147B-47D7-BC98-83F915090ED1}.Debug|x86.Build.0 = Debug|Any CPU
		{7366C0AC-147B-47D7-BC98-83F915090ED1}.Release|Any CPU.ActiveCfg = Release|Any CPU
		{7366C0AC-147B-47D7-BC98-83F915090ED1}.Release|Any CPU.Build.0 = Release|Any CPU
		{7366C0AC-147B-47D7-BC98-83F915090ED1}.Release|ARM.ActiveCfg = Release|Any CPU
		{7366C0AC-147B-47D7-BC98-83F915090ED1}.Release|ARM.Build.0 = Release|Any CPU
		{7366C0AC-147B-47D7-BC98-83F915090ED1}.Release|iPhone.ActiveCfg = Release|Any CPU
		{7366C0AC-147B-47D7-BC98-83F915090ED1}.Release|iPhone.Build.0 = Release|Any CPU
		{7366C0AC-147B-47D7-BC98-83F915090ED1}.Release|iPhoneSimulator.ActiveCfg = Release|Any CPU
		{7366C0AC-147B-47D7-BC98-83F915090ED1}.Release|iPhoneSimulator.Build.0 = Release|Any CPU
		{7366C0AC-147B-47D7-BC98-83F915090ED1}.Release|x86.ActiveCfg = Release|Any CPU
		{7366C0AC-147B-47D7-BC98-83F915090ED1}.Release|x86.Build.0 = Release|Any CPU
	EndGlobalSection
	GlobalSection(SolutionProperties) = preSolution
		HideSolutionNode = FALSE
	EndGlobalSection
EndGlobal
